
Microsoft Visual Studio Solution File, Format Version 12.00
# Visual Studio Version 17
VisualStudioVersion = 17.0.32002.185
MinimumVisualStudioVersion = 10.0.40219.1
Project("{FAE04EC0-301F-11D3-BF4B-00C04F79EFBC}") = "CSharpierEncodingTest", "CSharpierEncodingTest\CSharpierEncodingTest.csproj", "{704DB48A-E1D1-419E-8438-2192FD30BAE1}"
EndProject
Global
	GlobalSection(SolutionConfigurationPlatforms) = preSolution
		Debug|Any CPU = Debug|Any CPU
		Release|Any CPU = Release|Any CPU
	EndGlobalSection
	GlobalSection(ProjectConfigurationPlatforms) = postSolution
		{704DB48A-E1D1-419E-8438-2192FD30BAE1}.Debug|Any CPU.ActiveCfg = Debug|Any CPU
		{704DB48A-E1D1-419E-8438-2192FD30BAE1}.Debug|Any CPU.Build.0 = Debug|Any CPU
		{704DB48A-E1D1-419E-8438-2192FD30BAE1}.Release|Any CPU.ActiveCfg = Release|Any CPU
		{704DB48A-E1D1-419E-8438-2192FD30BAE1}.Release|Any CPU.Build.0 = Release|Any CPU
	EndGlobalSection
	GlobalSection(SolutionProperties) = preSolution
		HideSolutionNode = FALSE
	EndGlobalSection
	GlobalSection(ExtensibilityGlobals) = postSolution
		SolutionGuid = {36CD12E1-2DD2-42FE-9449-338795C27389}
	EndGlobalSection
EndGlobal
